
Microsoft Visual Studio Solution File, Format Version 12.00
# Visual Studio Version 16
VisualStudioVersion = 16.0.30011.22
MinimumVisualStudioVersion = 10.0.40219.1
Project("{FAE04EC0-301F-11D3-BF4B-00C04F79EFBC}") = "CrudPasoAPaso", "CrudPasoAPaso\CrudPasoAPaso.csproj", "{6AE67DA1-BB59-4DC7-B6EB-E813B41E717A}"
EndProject
Global
	GlobalSection(SolutionConfigurationPlatforms) = preSolution
		Debug|Any CPU = Debug|Any CPU
		Release|Any CPU = Release|Any CPU
	EndGlobalSection
	GlobalSection(ProjectConfigurationPlatforms) = postSolution
		{6AE67DA1-BB59-4DC7-B6EB-E813B41E717A}.Debug|Any CPU.ActiveCfg = Debug|Any CPU
		{6AE67DA1-BB59-4DC7-B6EB-E813B41E717A}.Debug|Any CPU.Build.0 = Debug|Any CPU
		{6AE67DA1-BB59-4DC7-B6EB-E813B41E717A}.Release|Any CPU.ActiveCfg = Release|Any CPU
		{6AE67DA1-BB59-4DC7-B6EB-E813B41E717A}.Release|Any CPU.Build.0 = Release|Any CPU
	EndGlobalSection
	GlobalSection(SolutionProperties) = preSolution
		HideSolutionNode = FALSE
	EndGlobalSection
	GlobalSection(ExtensibilityGlobals) = postSolution
		SolutionGuid = {41D0372A-B167-4D18-BCD7-F2E9A582F6FB}
	EndGlobalSection
EndGlobal
